<?xml version="1.0" encoding="UTF-8" standalone="yes" ?>
<CodeBlocks_project_file>
	<FileVersion major="1" minor="6" />
	<Project>
		<Option title="Tutorial" />
		<Option pch_mode="2" />
		<Option compiler="cygwin_gcc_mingw" />
		<Build>
			<Target title="Debug">
				<Option output="bin\Debug\Tutorial" prefix_auto="1" extension_auto="1" />
				<Option object_output="obj\Debug\" />
				<Option type="1" />
				<Option compiler="cygwin_gcc_mingw" />
				<Compiler>
					<Add option="-g" />
				</Compiler>
			</Target>
			<Target title="Release">
				<Option output="bin\Release\Tutorial" prefix_auto="1" extension_auto="1" />
				<Option object_output="obj\Release\" />
				<Option type="1" />
				<Option compiler="cygwin_gcc_mingw" />
				<Compiler>
					<Add option="-O2" />
				</Compiler>
			</Target>
		</Build>
		<Compiler>
			<Add option="-Wall" />
			<Add directory="include" />
			<Add directory="include\SDL" />
		</Compiler>
		<Linker>
			<Add option="-lmingw32" />
			<Add option="-static" />
			<Add library="lib\libSDLmain.a" />
			<Add library="lib\libSDL.dll.a" />
		</Linker>
		<Unit filename="include\Animation.h" />
		<Unit filename="include\App.h" />
		<Unit filename="include\Event.h" />
		<Unit filename="include\Sprite.h" />
		<Unit filename="src\Animation.cpp" />
		<Unit filename="src\App.cpp" />
		<Unit filename="src\Event.cpp" />
		<Unit filename="src\Sprite.cpp" />
		<Extensions>
			<code_completion />
			<debugger />
		</Extensions>
	</Project>
</CodeBlocks_project_file>
